
Microsoft Visual Studio Solution File, Format Version 12.00
# Visual Studio Version 17
VisualStudioVersion = 17.3.32901.215
MinimumVisualStudioVersion = 10.0.40219.1
Project("{FAE04EC0-301F-11D3-BF4B-00C04F79EFBC}") = "PassionProject", "PassionProject\PassionProject.csproj", "{7D8E4920-68A8-4553-9A4F-E872F0B5215D}"
EndProject
Global
	GlobalSection(SolutionConfigurationPlatforms) = preSolution
		Debug|Any CPU = Debug|Any CPU
		Release|Any CPU = Release|Any CPU
	EndGlobalSection
	GlobalSection(ProjectConfigurationPlatforms) = postSolution
		{7D8E4920-68A8-4553-9A4F-E872F0B5215D}.Debug|Any CPU.ActiveCfg = Debug|Any CPU
		{7D8E4920-68A8-4553-9A4F-E872F0B5215D}.Debug|Any CPU.Build.0 = Debug|Any CPU
		{7D8E4920-68A8-4553-9A4F-E872F0B5215D}.Release|Any CPU.ActiveCfg = Release|Any CPU
		{7D8E4920-68A8-4553-9A4F-E872F0B5215D}.Release|Any CPU.Build.0 = Release|Any CPU
	EndGlobalSection
	GlobalSection(SolutionProperties) = preSolution
		HideSolutionNode = FALSE
	EndGlobalSection
	GlobalSection(ExtensibilityGlobals) = postSolution
		SolutionGuid = {73103FAA-A502-4049-BDAB-5F8A68228F26}
	EndGlobalSection
EndGlobal
